
Microsoft Visual Studio Solution File, Format Version 12.00
# Visual Studio 15
VisualStudioVersion = 15.0.28307.1738
MinimumVisualStudioVersion = 10.0.40219.1
Project("{FAE04EC0-301F-11D3-BF4B-00C04F79EFBC}") = "ASSA-MAROC", "ASSA-MAROC\ASSA-MAROC.csproj", "{FEC28D50-661B-45EC-83BB-2576B02A9A27}"
EndProject
Global
	GlobalSection(SolutionConfigurationPlatforms) = preSolution
		Debug|Any CPU = Debug|Any CPU
		Release|Any CPU = Release|Any CPU
	EndGlobalSection
	GlobalSection(ProjectConfigurationPlatforms) = postSolution
		{FEC28D50-661B-45EC-83BB-2576B02A9A27}.Debug|Any CPU.ActiveCfg = Debug|Any CPU
		{FEC28D50-661B-45EC-83BB-2576B02A9A27}.Debug|Any CPU.Build.0 = Debug|Any CPU
		{FEC28D50-661B-45EC-83BB-2576B02A9A27}.Release|Any CPU.ActiveCfg = Release|Any CPU
		{FEC28D50-661B-45EC-83BB-2576B02A9A27}.Release|Any CPU.Build.0 = Release|Any CPU
	EndGlobalSection
	GlobalSection(SolutionProperties) = preSolution
		HideSolutionNode = FALSE
	EndGlobalSection
	GlobalSection(ExtensibilityGlobals) = postSolution
		SolutionGuid = {EB9ECC98-EAD8-4232-9E8A-77061FE8E7D3}
	EndGlobalSection
EndGlobal
